
Microsoft Visual Studio Solution File, Format Version 12.00
# Visual Studio Version 17
VisualStudioVersion = 17.11.35208.52
MinimumVisualStudioVersion = 10.0.40219.1
Project("{FAE04EC0-301F-11D3-BF4B-00C04F79EFBC}") = "Webhooks", "Webhooks\Webhooks.csproj", "{BD3198A2-97B9-426C-AB2B-C78264CD232C}"
EndProject
Global
	GlobalSection(SolutionConfigurationPlatforms) = preSolution
		Debug|Any CPU = Debug|Any CPU
		Release|Any CPU = Release|Any CPU
	EndGlobalSection
	GlobalSection(ProjectConfigurationPlatforms) = postSolution
		{BD3198A2-97B9-426C-AB2B-C78264CD232C}.Debug|Any CPU.ActiveCfg = Debug|Any CPU
		{BD3198A2-97B9-426C-AB2B-C78264CD232C}.Debug|Any CPU.Build.0 = Debug|Any CPU
		{BD3198A2-97B9-426C-AB2B-C78264CD232C}.Release|Any CPU.ActiveCfg = Release|Any CPU
		{BD3198A2-97B9-426C-AB2B-C78264CD232C}.Release|Any CPU.Build.0 = Release|Any CPU
	EndGlobalSection
	GlobalSection(SolutionProperties) = preSolution
		HideSolutionNode = FALSE
	EndGlobalSection
	GlobalSection(ExtensibilityGlobals) = postSolution
		SolutionGuid = {A1E44D1C-2717-4F1C-AB46-052AD17DF29F}
	EndGlobalSection
EndGlobal
